
Microsoft Visual Studio Solution File, Format Version 12.00
# Visual Studio Version 16
VisualStudioVersion = 16.0.31605.320
MinimumVisualStudioVersion = 10.0.40219.1
Project("{9A19103F-16F7-4668-BE54-9A1E7A4F7556}") = "tododposada2.Common", "tododposada2.Common\tododposada2.Common.csproj", "{AF4BCBE6-8C05-4356-B39C-D930F5F3E7D8}"
EndProject
Project("{9A19103F-16F7-4668-BE54-9A1E7A4F7556}") = "tododposada2.Functions", "tododposada2.Functions\tododposada2.Functions.csproj", "{76DAF2BE-9842-41FB-8604-3A9D30BE3313}"
EndProject
Project("{FAE04EC0-301F-11D3-BF4B-00C04F79EFBC}") = "tododposada2.Test", "tododposada2.Test\tododposada2.Test.csproj", "{D8358ECD-5BD0-4BBE-87B2-CF491C00C3A9}"
EndProject
Global
	GlobalSection(SolutionConfigurationPlatforms) = preSolution
		Debug|Any CPU = Debug|Any CPU
		Release|Any CPU = Release|Any CPU
	EndGlobalSection
	GlobalSection(ProjectConfigurationPlatforms) = postSolution
		{AF4BCBE6-8C05-4356-B39C-D930F5F3E7D8}.Debug|Any CPU.ActiveCfg = Debug|Any CPU
		{AF4BCBE6-8C05-4356-B39C-D930F5F3E7D8}.Debug|Any CPU.Build.0 = Debug|Any CPU
		{AF4BCBE6-8C05-4356-B39C-D930F5F3E7D8}.Release|Any CPU.ActiveCfg = Release|Any CPU
		{AF4BCBE6-8C05-4356-B39C-D930F5F3E7D8}.Release|Any CPU.Build.0 = Release|Any CPU
		{76DAF2BE-9842-41FB-8604-3A9D30BE3313}.Debug|Any CPU.ActiveCfg = Debug|Any CPU
		{76DAF2BE-9842-41FB-8604-3A9D30BE3313}.Debug|Any CPU.Build.0 = Debug|Any CPU
		{76DAF2BE-9842-41FB-8604-3A9D30BE3313}.Release|Any CPU.ActiveCfg = Release|Any CPU
		{76DAF2BE-9842-41FB-8604-3A9D30BE3313}.Release|Any CPU.Build.0 = Release|Any CPU
		{D8358ECD-5BD0-4BBE-87B2-CF491C00C3A9}.Debug|Any CPU.ActiveCfg = Debug|Any CPU
		{D8358ECD-5BD0-4BBE-87B2-CF491C00C3A9}.Debug|Any CPU.Build.0 = Debug|Any CPU
		{D8358ECD-5BD0-4BBE-87B2-CF491C00C3A9}.Release|Any CPU.ActiveCfg = Release|Any CPU
		{D8358ECD-5BD0-4BBE-87B2-CF491C00C3A9}.Release|Any CPU.Build.0 = Release|Any CPU
	EndGlobalSection
	GlobalSection(SolutionProperties) = preSolution
		HideSolutionNode = FALSE
	EndGlobalSection
	GlobalSection(ExtensibilityGlobals) = postSolution
		SolutionGuid = {CC1AD368-F3C9-4E70-B3D3-28D8CF735FBE}
	EndGlobalSection
EndGlobal
